
Microsoft Visual Studio Solution File, Format Version 12.00
# Visual Studio Version 16
VisualStudioVersion = 16.0.33130.400
MinimumVisualStudioVersion = 10.0.40219.1
Project("{FAE04EC0-301F-11D3-BF4B-00C04F79EFBC}") = "音频绑定按键", "音频绑定按键.csproj", "{6102569A-C03C-4C3D-8A8B-AF4C2BF35BEE}"
EndProject
Global
	GlobalSection(SolutionConfigurationPlatforms) = preSolution
		Debug|Any CPU = Debug|Any CPU
		Release|Any CPU = Release|Any CPU
	EndGlobalSection
	GlobalSection(ProjectConfigurationPlatforms) = postSolution
		{6102569A-C03C-4C3D-8A8B-AF4C2BF35BEE}.Debug|Any CPU.ActiveCfg = Debug|Any CPU
		{6102569A-C03C-4C3D-8A8B-AF4C2BF35BEE}.Debug|Any CPU.Build.0 = Debug|Any CPU
		{6102569A-C03C-4C3D-8A8B-AF4C2BF35BEE}.Release|Any CPU.ActiveCfg = Release|Any CPU
		{6102569A-C03C-4C3D-8A8B-AF4C2BF35BEE}.Release|Any CPU.Build.0 = Release|Any CPU
	EndGlobalSection
	GlobalSection(SolutionProperties) = preSolution
		HideSolutionNode = FALSE
	EndGlobalSection
	GlobalSection(ExtensibilityGlobals) = postSolution
		SolutionGuid = {6574B068-59FF-4442-B2D1-A6B9ACB08C4F}
	EndGlobalSection
EndGlobal
